
Microsoft Visual Studio Solution File, Format Version 12.00
# Visual Studio Version 16
VisualStudioVersion = 16.0.31321.278
MinimumVisualStudioVersion = 10.0.40219.1
Project("{FAE04EC0-301F-11D3-BF4B-00C04F79EFBC}") = "CARNET ASDE", "CARNET ASDE\CARNET ASDE.csproj", "{96044F3A-FD40-43D6-B007-72438E03E5BC}"
EndProject
Project("{FAE04EC0-301F-11D3-BF4B-00C04F79EFBC}") = "Acceso Datos", "Acceso Datos\Acceso Datos.csproj", "{FCBD363C-BB6C-466E-BC91-E6E67DFAD36F}"
EndProject
Project("{FAE04EC0-301F-11D3-BF4B-00C04F79EFBC}") = "Comun", "Comun\Comun.csproj", "{09BB0A56-3815-41CC-878E-D9C39EB77BAD}"
EndProject
Project("{FAE04EC0-301F-11D3-BF4B-00C04F79EFBC}") = "Dominio", "Dominio\Dominio.csproj", "{8A065D7C-140B-4E07-AD8E-C659B32A9630}"
EndProject
Global
	GlobalSection(SolutionConfigurationPlatforms) = preSolution
		Debug|Any CPU = Debug|Any CPU
		Release|Any CPU = Release|Any CPU
	EndGlobalSection
	GlobalSection(ProjectConfigurationPlatforms) = postSolution
		{96044F3A-FD40-43D6-B007-72438E03E5BC}.Debug|Any CPU.ActiveCfg = Debug|Any CPU
		{96044F3A-FD40-43D6-B007-72438E03E5BC}.Debug|Any CPU.Build.0 = Debug|Any CPU
		{96044F3A-FD40-43D6-B007-72438E03E5BC}.Release|Any CPU.ActiveCfg = Release|Any CPU
		{96044F3A-FD40-43D6-B007-72438E03E5BC}.Release|Any CPU.Build.0 = Release|Any CPU
		{FCBD363C-BB6C-466E-BC91-E6E67DFAD36F}.Debug|Any CPU.ActiveCfg = Debug|Any CPU
		{FCBD363C-BB6C-466E-BC91-E6E67DFAD36F}.Debug|Any CPU.Build.0 = Debug|Any CPU
		{FCBD363C-BB6C-466E-BC91-E6E67DFAD36F}.Release|Any CPU.ActiveCfg = Release|Any CPU
		{FCBD363C-BB6C-466E-BC91-E6E67DFAD36F}.Release|Any CPU.Build.0 = Release|Any CPU
		{09BB0A56-3815-41CC-878E-D9C39EB77BAD}.Debug|Any CPU.ActiveCfg = Debug|Any CPU
		{09BB0A56-3815-41CC-878E-D9C39EB77BAD}.Debug|Any CPU.Build.0 = Debug|Any CPU
		{09BB0A56-3815-41CC-878E-D9C39EB77BAD}.Release|Any CPU.ActiveCfg = Release|Any CPU
		{09BB0A56-3815-41CC-878E-D9C39EB77BAD}.Release|Any CPU.Build.0 = Release|Any CPU
		{8A065D7C-140B-4E07-AD8E-C659B32A9630}.Debug|Any CPU.ActiveCfg = Debug|Any CPU
		{8A065D7C-140B-4E07-AD8E-C659B32A9630}.Debug|Any CPU.Build.0 = Debug|Any CPU
		{8A065D7C-140B-4E07-AD8E-C659B32A9630}.Release|Any CPU.ActiveCfg = Release|Any CPU
		{8A065D7C-140B-4E07-AD8E-C659B32A9630}.Release|Any CPU.Build.0 = Release|Any CPU
	EndGlobalSection
	GlobalSection(SolutionProperties) = preSolution
		HideSolutionNode = FALSE
	EndGlobalSection
	GlobalSection(ExtensibilityGlobals) = postSolution
		SolutionGuid = {DE74845B-96AF-4967-B25F-52B85F64F381}
	EndGlobalSection
EndGlobal
